
Microsoft Visual Studio Solution File, Format Version 12.00
# Visual Studio Version 17
VisualStudioVersion = 17.4.33205.214
MinimumVisualStudioVersion = 10.0.40219.1
Project("{FAE04EC0-301F-11D3-BF4B-00C04F79EFBC}") = "WinFormsApp3", "WinFormsApp3\WinFormsApp3.csproj", "{CA2BA114-3E21-485F-A203-317282B4740E}"
EndProject
Global
	GlobalSection(SolutionConfigurationPlatforms) = preSolution
		Debug|Any CPU = Debug|Any CPU
		Release|Any CPU = Release|Any CPU
	EndGlobalSection
	GlobalSection(ProjectConfigurationPlatforms) = postSolution
		{CA2BA114-3E21-485F-A203-317282B4740E}.Debug|Any CPU.ActiveCfg = Debug|Any CPU
		{CA2BA114-3E21-485F-A203-317282B4740E}.Debug|Any CPU.Build.0 = Debug|Any CPU
		{CA2BA114-3E21-485F-A203-317282B4740E}.Release|Any CPU.ActiveCfg = Release|Any CPU
		{CA2BA114-3E21-485F-A203-317282B4740E}.Release|Any CPU.Build.0 = Release|Any CPU
	EndGlobalSection
	GlobalSection(SolutionProperties) = preSolution
		HideSolutionNode = FALSE
	EndGlobalSection
	GlobalSection(ExtensibilityGlobals) = postSolution
		SolutionGuid = {9FD34797-021B-4176-886D-91F10269F599}
	EndGlobalSection
EndGlobal
